
Microsoft Visual Studio Solution File, Format Version 12.00
# Visual Studio 2012
Project("{FAE04EC0-301F-11D3-BF4B-00C04F79EFBC}") = "Mini", "Mini\Mini.csproj", "{894E1BA2-CF4F-4935-A69E-1CE3903792AB}"
EndProject
Project("{FAE04EC0-301F-11D3-BF4B-00C04F79EFBC}") = "Test", "Test\Test.csproj", "{DBC9C1AC-C97D-428F-9C8E-DD3B11340909}"
EndProject
Global
	GlobalSection(SolutionConfigurationPlatforms) = preSolution
		Debug|Any CPU = Debug|Any CPU
		Release|Any CPU = Release|Any CPU
	EndGlobalSection
	GlobalSection(ProjectConfigurationPlatforms) = postSolution
		{894E1BA2-CF4F-4935-A69E-1CE3903792AB}.Debug|Any CPU.ActiveCfg = Debug|Any CPU
		{894E1BA2-CF4F-4935-A69E-1CE3903792AB}.Debug|Any CPU.Build.0 = Debug|Any CPU
		{894E1BA2-CF4F-4935-A69E-1CE3903792AB}.Release|Any CPU.ActiveCfg = Release|Any CPU
		{894E1BA2-CF4F-4935-A69E-1CE3903792AB}.Release|Any CPU.Build.0 = Release|Any CPU
		{DBC9C1AC-C97D-428F-9C8E-DD3B11340909}.Debug|Any CPU.ActiveCfg = Debug|Any CPU
		{DBC9C1AC-C97D-428F-9C8E-DD3B11340909}.Debug|Any CPU.Build.0 = Debug|Any CPU
		{DBC9C1AC-C97D-428F-9C8E-DD3B11340909}.Release|Any CPU.ActiveCfg = Release|Any CPU
		{DBC9C1AC-C97D-428F-9C8E-DD3B11340909}.Release|Any CPU.Build.0 = Release|Any CPU
	EndGlobalSection
	GlobalSection(SolutionProperties) = preSolution
		HideSolutionNode = FALSE
	EndGlobalSection
EndGlobal
